
Microsoft Visual Studio Solution File, Format Version 12.00
# Visual Studio Version 17
VisualStudioVersion = 17.3.32929.385
MinimumVisualStudioVersion = 10.0.40219.1
Project("{FAE04EC0-301F-11D3-BF4B-00C04F79EFBC}") = "CuentaBancaria", "CuentaBancaria\CuentaBancaria.csproj", "{D14EC822-D724-4D3F-AFEB-0BF61CA18A67}"
EndProject
Project("{7CF6DF6D-3B04-46F8-A40B-537D21BCA0B4}") = "DocCuentaBancaria", "DocCuentaBancaria\DocCuentaBancaria.shfbproj", "{69F58AE9-A601-4BC1-9E31-95FEAEB21A01}"
EndProject
Global
	GlobalSection(SolutionConfigurationPlatforms) = preSolution
		Debug|Any CPU = Debug|Any CPU
		Release|Any CPU = Release|Any CPU
	EndGlobalSection
	GlobalSection(ProjectConfigurationPlatforms) = postSolution
		{D14EC822-D724-4D3F-AFEB-0BF61CA18A67}.Debug|Any CPU.ActiveCfg = Debug|Any CPU
		{D14EC822-D724-4D3F-AFEB-0BF61CA18A67}.Debug|Any CPU.Build.0 = Debug|Any CPU
		{D14EC822-D724-4D3F-AFEB-0BF61CA18A67}.Release|Any CPU.ActiveCfg = Release|Any CPU
		{D14EC822-D724-4D3F-AFEB-0BF61CA18A67}.Release|Any CPU.Build.0 = Release|Any CPU
		{69F58AE9-A601-4BC1-9E31-95FEAEB21A01}.Debug|Any CPU.ActiveCfg = Debug|Any CPU
		{69F58AE9-A601-4BC1-9E31-95FEAEB21A01}.Debug|Any CPU.Build.0 = Debug|Any CPU
		{69F58AE9-A601-4BC1-9E31-95FEAEB21A01}.Release|Any CPU.ActiveCfg = Release|Any CPU
		{69F58AE9-A601-4BC1-9E31-95FEAEB21A01}.Release|Any CPU.Build.0 = Release|Any CPU
	EndGlobalSection
	GlobalSection(SolutionProperties) = preSolution
		HideSolutionNode = FALSE
	EndGlobalSection
	GlobalSection(ExtensibilityGlobals) = postSolution
		SolutionGuid = {01088363-4004-4E3D-B90F-9BA6098A3318}
	EndGlobalSection
EndGlobal
